
Microsoft Visual Studio Solution File, Format Version 12.00
# Visual Studio 15
VisualStudioVersion = 15.0.28307.421
MinimumVisualStudioVersion = 10.0.40219.1
Project("{FAE04EC0-301F-11D3-BF4B-00C04F79EFBC}") = "MvcMovie", "MvcMovie\MvcMovie.csproj", "{02C01112-9A1A-401D-ACBB-70852D51143E}"
EndProject
Global
	GlobalSection(SolutionConfigurationPlatforms) = preSolution
		Debug|Any CPU = Debug|Any CPU
		Release|Any CPU = Release|Any CPU
	EndGlobalSection
	GlobalSection(ProjectConfigurationPlatforms) = postSolution
		{02C01112-9A1A-401D-ACBB-70852D51143E}.Debug|Any CPU.ActiveCfg = Debug|Any CPU
		{02C01112-9A1A-401D-ACBB-70852D51143E}.Debug|Any CPU.Build.0 = Debug|Any CPU
		{02C01112-9A1A-401D-ACBB-70852D51143E}.Release|Any CPU.ActiveCfg = Release|Any CPU
		{02C01112-9A1A-401D-ACBB-70852D51143E}.Release|Any CPU.Build.0 = Release|Any CPU
	EndGlobalSection
	GlobalSection(SolutionProperties) = preSolution
		HideSolutionNode = FALSE
	EndGlobalSection
	GlobalSection(ExtensibilityGlobals) = postSolution
		SolutionGuid = {3CDA637A-1355-4E59-9EB0-6161D850C489}
	EndGlobalSection
EndGlobal
